// !$*UTF8*$!
{
	archiveVersion = 1;
	classes = {
	};
	objectVersion = 46;
	objects = {

/* Begin PBXBuildFile section */
		40D532661FAA27820026DB32 /* AppDelegate.swift in Sources */ = {isa = PBXBuildFile; fileRef = 40D532651FAA27820026DB32 /* AppDelegate.swift */; };
		40D532681FAA27820026DB32 /* ViewController.swift in Sources */ = {isa = PBXBuildFile; fileRef = 40D532671FAA27820026DB32 /* ViewController.swift */; };
		40D5326B1FAA27820026DB32 /* Main.storyboard in Resources */ = {isa = PBXBuildFile; fileRef = 40D532691FAA27820026DB32 /* Main.storyboard */; };
		40D5326D1FAA27820026DB32 /* Assets.xcassets in Resources */ = {isa = PBXBuildFile; fileRef = 40D5326C1FAA27820026DB32 /* Assets.xcassets */; };
		40D532701FAA27820026DB32 /* LaunchScreen.storyboard in Resources */ = {isa = PBXBuildFile; fileRef = 40D5326E1FAA27820026DB32 /* LaunchScreen.storyboard */; };
		40D5327B1FAA27830026DB32 /* demo3Tests.swift in Sources */ = {isa = PBXBuildFile; fileRef = 40D5327A1FAA27830026DB32 /* demo3Tests.swift */; };
		40D532861FAA27830026DB32 /* demo3UITests.swift in Sources */ = {isa = PBXBuildFile; fileRef = 40D532851FAA27830026DB32 /* demo3UITests.swift */; };
/* End PBXBuildFile section */

/* Begin PBXContainerItemProxy section */
		40D532771FAA27830026DB32 /* PBXContainerItemProxy */ = {
			isa = PBXContainerItemProxy;
			containerPortal = 40D5325A1FAA27810026DB32 /* Project object */;
			proxyType = 1;
			remoteGlobalIDString = 40D532611FAA27820026DB32;
			remoteInfo = demo3;
		};
		40D532821FAA27830026DB32 /* PBXContainerItemProxy */ = {
			isa = PBXContainerItemProxy;
			containerPortal = 40D5325A1FAA27810026DB32 /* Project object */;
			proxyType = 1;
			remoteGlobalIDString = 40D532611FAA27820026DB32;
			remoteInfo = demo3;
		};
/* End PBXContainerItemProxy section */

/* Begin PBXFileReference section */
		40D532621FAA27820026DB32 /* demo3.app */ = {isa = PBXFileReference; explicitFileType = wrapper.application; includeInIndex = 0; path = demo3.app; sourceTree = BUILT_PRODUCTS_DIR; };
		40D532651FAA27820026DB32 /* AppDelegate.swift */ = {isa = PBXFileReference; lastKnownFileType = sourcecode.swift; path = AppDelegate.swift; sourceTree = "<group>"; };
		40D532671FAA27820026DB32 /* ViewController.swift */ = {isa = PBXFileReference; lastKnownFileType = sourcecode.swift; path = ViewController.swift; sourceTree = "<group>"; };
		40D5326A1FAA27820026DB32 /* Base */ = {isa = PBXFileReference; lastKnownFileType = file.storyboard; name = Base; path = Base.lproj/Main.storyboard; sourceTree = "<group>"; };
		40D5326C1FAA27820026DB32 /* Assets.xcassets */ = {isa = PBXFileReference; lastKnownFileType = folder.assetcatalog; path = Assets.xcassets; sourceTree = "<group>"; };
		40D5326F1FAA27820026DB32 /* Base */ = {isa = PBXFileReference; lastKnownFileType = file.storyboard; name = Base; path = Base.lproj/LaunchScreen.storyboard; sourceTree = "<group>"; };
		40D532711FAA27820026DB32 /* Info.plist */ = {isa = PBXFileReference; lastKnownFileType = text.plist.xml; path = Info.plist; sourceTree = "<group>"; };
		40D532761FAA27830026DB32 /* demo3Tests.xctest */ = {isa = PBXFileReference; explicitFileType = wrapper.cfbundle; includeInIndex = 0; path = demo3Tests.xctest; sourceTree = BUILT_PRODUCTS_DIR; };
		40D5327A1FAA27830026DB32 /* demo3Tests.swift */ = {isa = PBXFileReference; lastKnownFileType = sourcecode.swift; path = demo3Tests.swift; sourceTree = "<group>"; };
		40D5327C1FAA27830026DB32 /* Info.plist */ = {isa = PBXFileReference; lastKnownFileType = text.plist.xml; path = Info.plist; sourceTree = "<group>"; };
		40D532811FAA27830026DB32 /* demo3UITests.xctest */ = {isa = PBXFileReference; explicitFileType = wrapper.cfbundle; includeInIndex = 0; path = demo3UITests.xctest; sourceTree = BUILT_PRODUCTS_DIR; };
		40D532851FAA27830026DB32 /* demo3UITests.swift */ = {isa = PBXFileReference; lastKnownFileType = sourcecode.swift; path = demo3UITests.swift; sourceTree = "<group>"; };
		40D532871FAA27830026DB32 /* Info.plist */ = {isa = PBXFileReference; lastKnownFileType = text.plist.xml; path = Info.plist; sourceTree = "<group>"; };
/* End PBXFileReference section */

/* Begin PBXFrameworksBuildPhase section */
		40D5325F1FAA27820026DB32 /* Frameworks */ = {
			isa = PBXFrameworksBuildPhase;
			buildActionMask = 2147483647;
			files = (
			);
			runOnlyForDeploymentPostprocessing = 0;
		};
		40D532731FAA27830026DB32 /* Frameworks */ = {
			isa = PBXFrameworksBuildPhase;
			buildActionMask = 2147483647;
			files = (
			);
			runOnlyForDeploymentPostprocessing = 0;
		};
		40D5327E1FAA27830026DB32 /* Frameworks */ = {
			isa = PBXFrameworksBuildPhase;
			buildActionMask = 2147483647;
			files = (
			);
			runOnlyForDeploymentPostprocessing = 0;
		};
/* End PBXFrameworksBuildPhase section */

/* Begin PBXGroup section */
		40D532591FAA27810026DB32 = {
			isa = PBXGroup;
			children = (
				40D532641FAA27820026DB32 /* demo3 */,
				40D532791FAA27830026DB32 /* demo3Tests */,
				40D532841FAA27830026DB32 /* demo3UITests */,
				40D532631FAA27820026DB32 /* Products */,
			);
			sourceTree = "<group>";
		};
		40D532631FAA27820026DB32 /* Products */ = {
			isa = PBXGroup;
			children = (
				40D532621FAA27820026DB32 /* demo3.app */,
				40D532761FAA27830026DB32 /* demo3Tests.xctest */,
				40D532811FAA27830026DB32 /* demo3UITests.xctest */,
			);
			name = Products;
			sourceTree = "<group>";
		};
		40D532641FAA27820026DB32 /* demo3 */ = {
			isa = PBXGroup;
			children = (
				40D532651FAA27820026DB32 /* AppDelegate.swift */,
				40D532671FAA27820026DB32 /* ViewController.swift */,
				40D532691FAA27820026DB32 /* Main.storyboard */,
				40D5326C1FAA27820026DB32 /* Assets.xcassets */,
				40D5326E1FAA27820026DB32 /* LaunchScreen.storyboard */,
				40D532711FAA27820026DB32 /* Info.plist */,
			);
			path = demo3;
			sourceTree = "<group>";
		};
		40D532791FAA27830026DB32 /* demo3Tests */ = {
			isa = PBXGroup;
			children = (
				40D5327A1FAA27830026DB32 /* demo3Tests.swift */,
				40D5327C1FAA27830026DB32 /* Info.plist */,
			);
			path = demo3Tests;
			sourceTree = "<group>";
		};
		40D532841FAA27830026DB32 /* demo3UITests */ = {
			isa = PBXGroup;
			children = (
				40D532851FAA27830026DB32 /* demo3UITests.swift */,
				40D532871FAA27830026DB32 /* Info.plist */,
			);
			path = demo3UITests;
			sourceTree = "<group>";
		};
/* End PBXGroup section */

/* Begin PBXNativeTarget section */
		40D532611FAA27820026DB32 /* demo3 */ = {
			isa = PBXNativeTarget;
			buildConfigurationList = 40D5328A1FAA27830026DB32 /* Build configuration list for PBXNativeTarget "demo3" */;
			buildPhases = (
				40D5325E1FAA27820026DB32 /* Sources */,
				40D5325F1FAA27820026DB32 /* Frameworks */,
				40D532601FAA27820026DB32 /* Resources */,
			);
			buildRules = (
			);
			dependencies = (
			);
			name = demo3;
			productName = demo3;
			productReference = 40D532621FAA27820026DB32 /* demo3.app */;
			productType = "com.apple.product-type.application";
		};
		40D532751FAA27830026DB32 /* demo3Tests */ = {
			isa = PBXNativeTarget;
			buildConfigurationList = 40D5328D1FAA27830026DB32 /* Build configuration list for PBXNativeTarget "demo3Tests" */;
			buildPhases = (
				40D532721FAA27830026DB32 /* Sources */,
				40D532731FAA27830026DB32 /* Frameworks */,
				40D532741FAA27830026DB32 /* Resources */,
			);
			buildRules = (
			);
			dependencies = (
				40D532781FAA27830026DB32 /* PBXTargetDependency */,
			);
			name = demo3Tests;
			productName = demo3Tests;
			productReference = 40D532761FAA27830026DB32 /* demo3Tests.xctest */;
			productType = "com.apple.product-type.bundle.unit-test";
		};
		40D532801FAA27830026DB32 /* demo3UITests */ = {
			isa = PBXNativeTarget;
			buildConfigurationList = 40D532901FAA27830026DB32 /* Build configuration list for PBXNativeTarget "demo3UITests" */;
			buildPhases = (
				40D5327D1FAA27830026DB32 /* Sources */,
				40D5327E1FAA27830026DB32 /* Frameworks */,
				40D5327F1FAA27830026DB32 /* Resources */,
			);
			buildRules = (
			);
			dependencies = (
				40D532831FAA27830026DB32 /* PBXTargetDependency */,
			);
			name = demo3UITests;
			productName = demo3UITests;
			productReference = 40D532811FAA27830026DB32 /* demo3UITests.xctest */;
			productType = "com.apple.product-type.bundle.ui-testing";
		};
/* End PBXNativeTarget section */

/* Begin PBXProject section */
		40D5325A1FAA27810026DB32 /* Project object */ = {
			isa = PBXProject;
			attributes = {
				LastSwiftUpdateCheck = 0830;
				LastUpgradeCheck = 0830;
				ORGANIZATIONNAME = cst495_JessieDowding;
				TargetAttributes = {
					40D532611FAA27820026DB32 = {
						CreatedOnToolsVersion = 8.3.3;
						ProvisioningStyle = Automatic;
					};
					40D532751FAA27830026DB32 = {
						CreatedOnToolsVersion = 8.3.3;
						ProvisioningStyle = Automatic;
						TestTargetID = 40D532611FAA27820026DB32;
					};
					40D532801FAA27830026DB32 = {
						CreatedOnToolsVersion = 8.3.3;
						ProvisioningStyle = Automatic;
						TestTargetID = 40D532611FAA27820026DB32;
					};
				};
			};
			buildConfigurationList = 40D5325D1FAA27810026DB32 /* Build configuration list for PBXProject "demo3" */;
			compatibilityVersion = "Xcode 3.2";
			developmentRegion = English;
			hasScannedForEncodings = 0;
			knownRegions = (
				en,
				Base,
			);
			mainGroup = 40D532591FAA27810026DB32;
			productRefGroup = 40D532631FAA27820026DB32 /* Products */;
			projectDirPath = "";
			projectRoot = "";
			targets = (
				40D532611FAA27820026DB32 /* demo3 */,
				40D532751FAA27830026DB32 /* demo3Tests */,
				40D532801FAA27830026DB32 /* demo3UITests */,
			);
		};
/* End PBXProject section */

/* Begin PBXResourcesBuildPhase section */
		40D532601FAA27820026DB32 /* Resources */ = {
			isa = PBXResourcesBuildPhase;
			buildActionMask = 2147483647;
			files = (
				40D532701FAA27820026DB32 /* LaunchScreen.storyboard in Resources */,
				40D5326D1FAA27820026DB32 /* Assets.xcassets in Resources */,
				40D5326B1FAA27820026DB32 /* Main.storyboard in Resources */,
			);
			runOnlyForDeploymentPostprocessing = 0;
		};
		40D532741FAA27830026DB32 /* Resources */ = {
			isa = PBXResourcesBuildPhase;
			buildActionMask = 2147483647;
			files = (
			);
			runOnlyForDeploymentPostprocessing = 0;
		};
		40D5327F1FAA27830026DB32 /* Resources */ = {
			isa = PBXResourcesBuildPhase;
			buildActionMask = 2147483647;
			files = (
			);
			runOnlyForDeploymentPostprocessing = 0;
		};
/* End PBXResourcesBuildPhase section */

/* Begin PBXSourcesBuildPhase section */
		40D5325E1FAA27820026DB32 /* Sources */ = {
			isa = PBXSourcesBuildPhase;
			buildActionMask = 2147483647;
			files = (
				40D532681FAA27820026DB32 /* ViewController.swift in Sources */,
				40D532661FAA27820026DB32 /* AppDelegate.swift in Sources */,
			);
			runOnlyForDeploymentPostprocessing = 0;
		};
		40D532721FAA27830026DB32 /* Sources */ = {
			isa = PBXSourcesBuildPhase;
			buildActionMask = 2147483647;
			files = (
				40D5327B1FAA27830026DB32 /* demo3Tests.swift in Sources */,
			);
			runOnlyForDeploymentPostprocessing = 0;
		};
		40D5327D1FAA27830026DB32 /* Sources */ = {
			isa = PBXSourcesBuildPhase;
			buildActionMask = 2147483647;
			files = (
				40D532861FAA27830026DB32 /* demo3UITests.swift in Sources */,
			);
			runOnlyForDeploymentPostprocessing = 0;
		};
/* End PBXSourcesBuildPhase section */

/* Begin PBXTargetDependency section */
		40D532781FAA27830026DB32 /* PBXTargetDependency */ = {
			isa = PBXTargetDependency;
			target = 40D532611FAA27820026DB32 /* demo3 */;
			targetProxy = 40D532771FAA27830026DB32 /* PBXContainerItemProxy */;
		};
		40D532831FAA27830026DB32 /* PBXTargetDependency */ = {
			isa = PBXTargetDependency;
			target = 40D532611FAA27820026DB32 /* demo3 */;
			targetProxy = 40D532821FAA27830026DB32 /* PBXContainerItemProxy */;
		};
/* End PBXTargetDependency section */

/* Begin PBXVariantGroup section */
		40D532691FAA27820026DB32 /* Main.storyboard */ = {
			isa = PBXVariantGroup;
			children = (
				40D5326A1FAA27820026DB32 /* Base */,
			);
			name = Main.storyboard;
			sourceTree = "<group>";
		};
		40D5326E1FAA27820026DB32 /* LaunchScreen.storyboard */ = {
			isa = PBXVariantGroup;
			children = (
				40D5326F1FAA27820026DB32 /* Base */,
			);
			name = LaunchScreen.storyboard;
			sourceTree = "<group>";
		};
/* End PBXVariantGroup section */

/* Begin XCBuildConfiguration section */
		40D532881FAA27830026DB32 /* Debug */ = {
			isa = XCBuildConfiguration;
			buildSettings = {
				ALWAYS_SEARCH_USER_PATHS = NO;
				CLANG_ANALYZER_NONNULL = YES;
				CLANG_ANALYZER_NUMBER_OBJECT_CONVERSION = YES_AGGRESSIVE;
				CLANG_CXX_LANGUAGE_STANDARD = "gnu++0x";
				CLANG_CXX_LIBRARY = "libc++";
				CLANG_ENABLE_MODULES = YES;
				CLANG_ENABLE_OBJC_ARC = YES;
				CLANG_WARN_BOOL_CONVERSION = YES;
				CLANG_WARN_CONSTANT_CONVERSION = YES;
				CLANG_WARN_DIRECT_OBJC_ISA_USAGE = YES_ERROR;
				CLANG_WARN_DOCUMENTATION_COMMENTS = YES;
				CLANG_WARN_EMPTY_BODY = YES;
				CLANG_WARN_ENUM_CONVERSION = YES;
				CLANG_WARN_INFINITE_RECURSION = YES;
				CLANG_WARN_INT_CONVERSION = YES;
				CLANG_WARN_OBJC_ROOT_CLASS = YES_ERROR;
				CLANG_WARN_SUSPICIOUS_MOVE = YES;
				CLANG_WARN_UNREACHABLE_CODE = YES;
				CLANG_WARN__DUPLICATE_METHOD_MATCH = YES;
				"CODE_SIGN_IDENTITY[sdk=iphoneos*]" = "iPhone Developer";
				COPY_PHASE_STRIP = NO;
				DEBUG_INFORMATION_FORMAT = dwarf;
				ENABLE_STRICT_OBJC_MSGSEND = YES;
				ENABLE_TESTABILITY = YES;
				GCC_C_LANGUAGE_STANDARD = gnu99;
				GCC_DYNAMIC_NO_PIC = NO;
				GCC_NO_COMMON_BLOCKS = YES;
				GCC_OPTIMIZATION_LEVEL = 0;
				GCC_PREPROCESSOR_DEFINITIONS = (
					"DEBUG=1",
					"$(inherited)",
				);
				GCC_WARN_64_TO_32_BIT_CONVERSION = YES;
				GCC_WARN_ABOUT_RETURN_TYPE = YES_ERROR;
				GCC_WARN_UNDECLARED_SELECTOR = YES;
				GCC_WARN_UNINITIALIZED_AUTOS = YES_AGGRESSIVE;
				GCC_WARN_UNUSED_FUNCTION = YES;
				GCC_WARN_UNUSED_VARIABLE = YES;
				IPHONEOS_DEPLOYMENT_TARGET = 10.3;
				MTL_ENABLE_DEBUG_INFO = YES;
				ONLY_ACTIVE_ARCH = YES;
				SDKROOT = iphoneos;
				SWIFT_ACTIVE_COMPILATION_CONDITIONS = DEBUG;
				SWIFT_OPTIMIZATION_LEVEL = "-Onone";
				TARGETED_DEVICE_FAMILY = "1,2";
			};
			name = Debug;
		};
		40D532891FAA27830026DB32 /* Release */ = {
			isa = XCBuildConfiguration;
			buildSettings = {
				ALWAYS_SEARCH_USER_PATHS = NO;
				CLANG_ANALYZER_NONNULL = YES;
				CLANG_ANALYZER_NUMBER_OBJECT_CONVERSION = YES_AGGRESSIVE;
				CLANG_CXX_LANGUAGE_STANDARD = "gnu++0x";
				CLANG_CXX_LIBRARY = "libc++";
				CLANG_ENABLE_MODULES = YES;
				CLANG_ENABLE_OBJC_ARC = YES;
				CLANG_WARN_BOOL_CONVERSION = YES;
				CLANG_WARN_CONSTANT_CONVERSION = YES;
				CLANG_WARN_DIRECT_OBJC_ISA_USAGE = YES_ERROR;
				CLANG_WARN_DOCUMENTATION_COMMENTS = YES;
				CLANG_WARN_EMPTY_BODY = YES;
				CLANG_WARN_ENUM_CONVERSION = YES;
				CLANG_WARN_INFINITE_RECURSION = YES;
				CLANG_WARN_INT_CONVERSION = YES;
				CLANG_WARN_OBJC_ROOT_CLASS = YES_ERROR;
				CLANG_WARN_SUSPICIOUS_MOVE = YES;
				CLANG_WARN_UNREACHABLE_CODE = YES;
				CLANG_WARN__DUPLICATE_METHOD_MATCH = YES;
				"CODE_SIGN_IDENTITY[sdk=iphoneos*]" = "iPhone Developer";
				COPY_PHASE_STRIP = NO;
				DEBUG_INFORMATION_FORMAT = "dwarf-with-dsym";
				ENABLE_NS_ASSERTIONS = NO;
				ENABLE_STRICT_OBJC_MSGSEND = YES;
				GCC_C_LANGUAGE_STANDARD = gnu99;
				GCC_NO_COMMON_BLOCKS = YES;
				GCC_WARN_64_TO_32_BIT_CONVERSION = YES;
				GCC_WARN_ABOUT_RETURN_TYPE = YES_ERROR;
				GCC_WARN_UNDECLARED_SELECTOR = YES;
				GCC_WARN_UNINITIALIZED_AUTOS = YES_AGGRESSIVE;
				GCC_WARN_UNUSED_FUNCTION = YES;
				GCC_WARN_UNUSED_VARIABLE = YES;
				IPHONEOS_DEPLOYMENT_TARGET = 10.3;
				MTL_ENABLE_DEBUG_INFO = NO;
				SDKROOT = iphoneos;
				SWIFT_OPTIMIZATION_LEVEL = "-Owholemodule";
				TARGETED_DEVICE_FAMILY = "1,2";
				VALIDATE_PRODUCT = YES;
			};
			name = Release;
		};
		40D5328B1FAA27830026DB32 /* Debug */ = {
			isa = XCBuildConfiguration;
			buildSettings = {
				ASSETCATALOG_COMPILER_APPICON_NAME = AppIcon;
				INFOPLIST_FILE = demo3/Info.plist;
				LD_RUNPATH_SEARCH_PATHS = "$(inherited) @executable_path/Frameworks";
				PRODUCT_BUNDLE_IDENTIFIER = "cst495-JessieDowding.demo3";
				PRODUCT_NAME = "$(TARGET_NAME)";
				SWIFT_VERSION = 3.0;
			};
			name = Debug;
		};
		40D5328C1FAA27830026DB32 /* Release */ = {
			isa = XCBuildConfiguration;
			buildSettings = {
				ASSETCATALOG_COMPILER_APPICON_NAME = AppIcon;
				INFOPLIST_FILE = demo3/Info.plist;
				LD_RUNPATH_SEARCH_PATHS = "$(inherited) @executable_path/Frameworks";
				PRODUCT_BUNDLE_IDENTIFIER = "cst495-JessieDowding.demo3";
				PRODUCT_NAME = "$(TARGET_NAME)";
				SWIFT_VERSION = 3.0;
			};
			name = Release;
		};
		40D5328E1FAA27830026DB32 /* Debug */ = {
			isa = XCBuildConfiguration;
			buildSettings = {
				ALWAYS_EMBED_SWIFT_STANDARD_LIBRARIES = YES;
				BUNDLE_LOADER = "$(TEST_HOST)";
				INFOPLIST_FILE = demo3Tests/Info.plist;
				LD_RUNPATH_SEARCH_PATHS = "$(inherited) @executable_path/Frameworks @loader_path/Frameworks";
				PRODUCT_BUNDLE_IDENTIFIER = "cst495-JessieDowding.demo3Tests";
				PRODUCT_NAME = "$(TARGET_NAME)";
				SWIFT_VERSION = 3.0;
				TEST_HOST = "$(BUILT_PRODUCTS_DIR)/demo3.app/demo3";
			};
			name = Debug;
		};
		40D5328F1FAA27830026DB32 /* Release */ = {
			isa = XCBuildConfiguration;
			buildSettings = {
				ALWAYS_EMBED_SWIFT_STANDARD_LIBRARIES = YES;
				BUNDLE_LOADER = "$(TEST_HOST)";
				INFOPLIST_FILE = demo3Tests/Info.plist;
				LD_RUNPATH_SEARCH_PATHS = "$(inherited) @executable_path/Frameworks @loader_path/Frameworks";
				PRODUCT_BUNDLE_IDENTIFIER = "cst495-JessieDowding.demo3Tests";
				PRODUCT_NAME = "$(TARGET_NAME)";
				SWIFT_VERSION = 3.0;
				TEST_HOST = "$(BUILT_PRODUCTS_DIR)/demo3.app/demo3";
			};
			name = Release;
		};
		40D532911FAA27830026DB32 /* Debug */ = {
			isa = XCBuildConfiguration;
			buildSettings = {
				ALWAYS_EMBED_SWIFT_STANDARD_LIBRARIES = YES;
				INFOPLIST_FILE = demo3UITests/Info.plist;
				LD_RUNPATH_SEARCH_PATHS = "$(inherited) @executable_path/Frameworks @loader_path/Frameworks";
				PRODUCT_BUNDLE_IDENTIFIER = "cst495-JessieDowding.demo3UITests";
				PRODUCT_NAME = "$(TARGET_NAME)";
				SWIFT_VERSION = 3.0;
				TEST_TARGET_NAME = demo3;
			};
			name = Debug;
		};
		40D532921FAA27830026DB32 /* Release */ = {
			isa = XCBuildConfiguration;
			buildSettings = {
				ALWAYS_EMBED_SWIFT_STANDARD_LIBRARIES = YES;
				INFOPLIST_FILE = demo3UITests/Info.plist;
				LD_RUNPATH_SEARCH_PATHS = "$(inherited) @executable_path/Frameworks @loader_path/Frameworks";
				PRODUCT_BUNDLE_IDENTIFIER = "cst495-JessieDowding.demo3UITests";
				PRODUCT_NAME = "$(TARGET_NAME)";
				SWIFT_VERSION = 3.0;
				TEST_TARGET_NAME = demo3;
			};
			name = Release;
		};
/* End XCBuildConfiguration section */

/* Begin XCConfigurationList section */
		40D5325D1FAA27810026DB32 /* Build configuration list for PBXProject "demo3" */ = {
			isa = XCConfigurationList;
			buildConfigurations = (
				40D532881FAA27830026DB32 /* Debug */,
				40D532891FAA27830026DB32 /* Release */,
			);
			defaultConfigurationIsVisible = 0;
			defaultConfigurationName = Release;
		};
		40D5328A1FAA27830026DB32 /* Build configuration list for PBXNativeTarget "demo3" */ = {
			isa = XCConfigurationList;
			buildConfigurations = (
				40D5328B1FAA27830026DB32 /* Debug */,
				40D5328C1FAA27830026DB32 /* Release */,
			);
			defaultConfigurationIsVisible = 0;
		};
		40D5328D1FAA27830026DB32 /* Build configuration list for PBXNativeTarget "demo3Tests" */ = {
			isa = XCConfigurationList;
			buildConfigurations = (
				40D5328E1FAA27830026DB32 /* Debug */,
				40D5328F1FAA27830026DB32 /* Release */,
			);
			defaultConfigurationIsVisible = 0;
		};
		40D532901FAA27830026DB32 /* Build configuration list for PBXNativeTarget "demo3UITests" */ = {
			isa = XCConfigurationList;
			buildConfigurations = (
				40D532911FAA27830026DB32 /* Debug */,
				40D532921FAA27830026DB32 /* Release */,
			);
			defaultConfigurationIsVisible = 0;
		};
/* End XCConfigurationList section */
	};
	rootObject = 40D5325A1FAA27810026DB32 /* Project object */;
}
