// !$*UTF8*$!
{
	archiveVersion = 1;
	classes = {
	};
	objectVersion = 46;
	objects = {

/* Begin PBXBuildFile section */
		03252E69FFA2F5B92864FD0F /* Pods_WorldTrotterTests.framework in Frameworks */ = {isa = PBXBuildFile; fileRef = BED69A353BF8544FE9F852AD /* Pods_WorldTrotterTests.framework */; };
		1E96AB4AF42096DFCD47652A /* Pods_WorldTrotterUITests.framework in Frameworks */ = {isa = PBXBuildFile; fileRef = 57055C4C0C53D00A03827F1D /* Pods_WorldTrotterUITests.framework */; };
		4011327F1F698E0100CA7E16 /* ConversionViewController.swift in Sources */ = {isa = PBXBuildFile; fileRef = 4011327E1F698E0100CA7E16 /* ConversionViewController.swift */; };
		4015B5191F5C8E69005342F2 /* AppDelegate.swift in Sources */ = {isa = PBXBuildFile; fileRef = 4015B5181F5C8E69005342F2 /* AppDelegate.swift */; };
		4015B51E1F5C8E69005342F2 /* Main.storyboard in Resources */ = {isa = PBXBuildFile; fileRef = 4015B51C1F5C8E69005342F2 /* Main.storyboard */; };
		4015B5201F5C8E69005342F2 /* Assets.xcassets in Resources */ = {isa = PBXBuildFile; fileRef = 4015B51F1F5C8E69005342F2 /* Assets.xcassets */; };
		4015B5231F5C8E69005342F2 /* LaunchScreen.storyboard in Resources */ = {isa = PBXBuildFile; fileRef = 4015B5211F5C8E69005342F2 /* LaunchScreen.storyboard */; };
		4015B52E1F5C8E6A005342F2 /* WorldTrotterTests.swift in Sources */ = {isa = PBXBuildFile; fileRef = 4015B52D1F5C8E6A005342F2 /* WorldTrotterTests.swift */; };
		4015B5391F5C8E6A005342F2 /* WorldTrotterUITests.swift in Sources */ = {isa = PBXBuildFile; fileRef = 4015B5381F5C8E6A005342F2 /* WorldTrotterUITests.swift */; };
		8DE3BD60CF2E1C801751B33D /* Pods_WorldTrotter.framework in Frameworks */ = {isa = PBXBuildFile; fileRef = C63F1E28DD98F3C5C72402AD /* Pods_WorldTrotter.framework */; };
		EE3A7A681F6DBFCF006D03B5 /* MapKit.framework in Frameworks */ = {isa = PBXBuildFile; fileRef = EE3A7A671F6DBFCF006D03B5 /* MapKit.framework */; };
		EE3A7A6A1F6DC471006D03B5 /* MapViewController.swift in Sources */ = {isa = PBXBuildFile; fileRef = EE3A7A691F6DC471006D03B5 /* MapViewController.swift */; };
/* End PBXBuildFile section */

/* Begin PBXContainerItemProxy section */
		4015B52A1F5C8E6A005342F2 /* PBXContainerItemProxy */ = {
			isa = PBXContainerItemProxy;
			containerPortal = 4015B50D1F5C8E68005342F2 /* Project object */;
			proxyType = 1;
			remoteGlobalIDString = 4015B5141F5C8E68005342F2;
			remoteInfo = WorldTrotter;
		};
		4015B5351F5C8E6A005342F2 /* PBXContainerItemProxy */ = {
			isa = PBXContainerItemProxy;
			containerPortal = 4015B50D1F5C8E68005342F2 /* Project object */;
			proxyType = 1;
			remoteGlobalIDString = 4015B5141F5C8E68005342F2;
			remoteInfo = WorldTrotter;
		};
/* End PBXContainerItemProxy section */

/* Begin PBXFileReference section */
		2BC9A51B7F0ED8BC412C7510 /* Pods-WorldTrotter.release.xcconfig */ = {isa = PBXFileReference; includeInIndex = 1; lastKnownFileType = text.xcconfig; name = "Pods-WorldTrotter.release.xcconfig"; path = "Pods/Target Support Files/Pods-WorldTrotter/Pods-WorldTrotter.release.xcconfig"; sourceTree = "<group>"; };
		375373A874A541C7D9D0963A /* Pods-WorldTrotterTests.release.xcconfig */ = {isa = PBXFileReference; includeInIndex = 1; lastKnownFileType = text.xcconfig; name = "Pods-WorldTrotterTests.release.xcconfig"; path = "Pods/Target Support Files/Pods-WorldTrotterTests/Pods-WorldTrotterTests.release.xcconfig"; sourceTree = "<group>"; };
		4011327E1F698E0100CA7E16 /* ConversionViewController.swift */ = {isa = PBXFileReference; fileEncoding = 4; lastKnownFileType = sourcecode.swift; path = ConversionViewController.swift; sourceTree = "<group>"; };
		4015B5151F5C8E69005342F2 /* WorldTrotter.app */ = {isa = PBXFileReference; explicitFileType = wrapper.application; includeInIndex = 0; path = WorldTrotter.app; sourceTree = BUILT_PRODUCTS_DIR; };
		4015B5181F5C8E69005342F2 /* AppDelegate.swift */ = {isa = PBXFileReference; lastKnownFileType = sourcecode.swift; path = AppDelegate.swift; sourceTree = "<group>"; };
		4015B51D1F5C8E69005342F2 /* Base */ = {isa = PBXFileReference; lastKnownFileType = file.storyboard; name = Base; path = Base.lproj/Main.storyboard; sourceTree = "<group>"; };
		4015B51F1F5C8E69005342F2 /* Assets.xcassets */ = {isa = PBXFileReference; lastKnownFileType = folder.assetcatalog; path = Assets.xcassets; sourceTree = "<group>"; };
		4015B5221F5C8E69005342F2 /* Base */ = {isa = PBXFileReference; lastKnownFileType = file.storyboard; name = Base; path = Base.lproj/LaunchScreen.storyboard; sourceTree = "<group>"; };
		4015B5241F5C8E69005342F2 /* Info.plist */ = {isa = PBXFileReference; lastKnownFileType = text.plist.xml; path = Info.plist; sourceTree = "<group>"; };
		4015B5291F5C8E6A005342F2 /* WorldTrotterTests.xctest */ = {isa = PBXFileReference; explicitFileType = wrapper.cfbundle; includeInIndex = 0; path = WorldTrotterTests.xctest; sourceTree = BUILT_PRODUCTS_DIR; };
		4015B52D1F5C8E6A005342F2 /* WorldTrotterTests.swift */ = {isa = PBXFileReference; lastKnownFileType = sourcecode.swift; path = WorldTrotterTests.swift; sourceTree = "<group>"; };
		4015B52F1F5C8E6A005342F2 /* Info.plist */ = {isa = PBXFileReference; lastKnownFileType = text.plist.xml; path = Info.plist; sourceTree = "<group>"; };
		4015B5341F5C8E6A005342F2 /* WorldTrotterUITests.xctest */ = {isa = PBXFileReference; explicitFileType = wrapper.cfbundle; includeInIndex = 0; path = WorldTrotterUITests.xctest; sourceTree = BUILT_PRODUCTS_DIR; };
		4015B5381F5C8E6A005342F2 /* WorldTrotterUITests.swift */ = {isa = PBXFileReference; lastKnownFileType = sourcecode.swift; path = WorldTrotterUITests.swift; sourceTree = "<group>"; };
		4015B53A1F5C8E6A005342F2 /* Info.plist */ = {isa = PBXFileReference; lastKnownFileType = text.plist.xml; path = Info.plist; sourceTree = "<group>"; };
		57055C4C0C53D00A03827F1D /* Pods_WorldTrotterUITests.framework */ = {isa = PBXFileReference; explicitFileType = wrapper.framework; includeInIndex = 0; path = Pods_WorldTrotterUITests.framework; sourceTree = BUILT_PRODUCTS_DIR; };
		87FB6E41EDA0064CDB2804B9 /* Pods-WorldTrotterUITests.release.xcconfig */ = {isa = PBXFileReference; includeInIndex = 1; lastKnownFileType = text.xcconfig; name = "Pods-WorldTrotterUITests.release.xcconfig"; path = "Pods/Target Support Files/Pods-WorldTrotterUITests/Pods-WorldTrotterUITests.release.xcconfig"; sourceTree = "<group>"; };
		8868C66D88746F006432CB28 /* Pods-WorldTrotter.debug.xcconfig */ = {isa = PBXFileReference; includeInIndex = 1; lastKnownFileType = text.xcconfig; name = "Pods-WorldTrotter.debug.xcconfig"; path = "Pods/Target Support Files/Pods-WorldTrotter/Pods-WorldTrotter.debug.xcconfig"; sourceTree = "<group>"; };
		BED69A353BF8544FE9F852AD /* Pods_WorldTrotterTests.framework */ = {isa = PBXFileReference; explicitFileType = wrapper.framework; includeInIndex = 0; path = Pods_WorldTrotterTests.framework; sourceTree = BUILT_PRODUCTS_DIR; };
		C63F1E28DD98F3C5C72402AD /* Pods_WorldTrotter.framework */ = {isa = PBXFileReference; explicitFileType = wrapper.framework; includeInIndex = 0; path = Pods_WorldTrotter.framework; sourceTree = BUILT_PRODUCTS_DIR; };
		E581F0AE1D958495B90AE30E /* Pods-WorldTrotterTests.debug.xcconfig */ = {isa = PBXFileReference; includeInIndex = 1; lastKnownFileType = text.xcconfig; name = "Pods-WorldTrotterTests.debug.xcconfig"; path = "Pods/Target Support Files/Pods-WorldTrotterTests/Pods-WorldTrotterTests.debug.xcconfig"; sourceTree = "<group>"; };
		EE3A7A671F6DBFCF006D03B5 /* MapKit.framework */ = {isa = PBXFileReference; lastKnownFileType = wrapper.framework; name = MapKit.framework; path = System/Library/Frameworks/MapKit.framework; sourceTree = SDKROOT; };
		EE3A7A691F6DC471006D03B5 /* MapViewController.swift */ = {isa = PBXFileReference; fileEncoding = 4; lastKnownFileType = sourcecode.swift; path = MapViewController.swift; sourceTree = "<group>"; };
		FD203F3E52369B774D59B743 /* Pods-WorldTrotterUITests.debug.xcconfig */ = {isa = PBXFileReference; includeInIndex = 1; lastKnownFileType = text.xcconfig; name = "Pods-WorldTrotterUITests.debug.xcconfig"; path = "Pods/Target Support Files/Pods-WorldTrotterUITests/Pods-WorldTrotterUITests.debug.xcconfig"; sourceTree = "<group>"; };
/* End PBXFileReference section */

/* Begin PBXFrameworksBuildPhase section */
		4015B5121F5C8E68005342F2 /* Frameworks */ = {
			isa = PBXFrameworksBuildPhase;
			buildActionMask = 2147483647;
			files = (
				EE3A7A681F6DBFCF006D03B5 /* MapKit.framework in Frameworks */,
				8DE3BD60CF2E1C801751B33D /* Pods_WorldTrotter.framework in Frameworks */,
			);
			runOnlyForDeploymentPostprocessing = 0;
		};
		4015B5261F5C8E6A005342F2 /* Frameworks */ = {
			isa = PBXFrameworksBuildPhase;
			buildActionMask = 2147483647;
			files = (
				03252E69FFA2F5B92864FD0F /* Pods_WorldTrotterTests.framework in Frameworks */,
			);
			runOnlyForDeploymentPostprocessing = 0;
		};
		4015B5311F5C8E6A005342F2 /* Frameworks */ = {
			isa = PBXFrameworksBuildPhase;
			buildActionMask = 2147483647;
			files = (
				1E96AB4AF42096DFCD47652A /* Pods_WorldTrotterUITests.framework in Frameworks */,
			);
			runOnlyForDeploymentPostprocessing = 0;
		};
/* End PBXFrameworksBuildPhase section */

/* Begin PBXGroup section */
		4015B50C1F5C8E68005342F2 = {
			isa = PBXGroup;
			children = (
				4015B5171F5C8E69005342F2 /* WorldTrotter */,
				4015B52C1F5C8E6A005342F2 /* WorldTrotterTests */,
				4015B5371F5C8E6A005342F2 /* WorldTrotterUITests */,
				4015B5161F5C8E69005342F2 /* Products */,
				EE3A7A661F6DBFCF006D03B5 /* Frameworks */,
				56D1CA0596D8F68021D62CBD /* Pods */,
			);
			sourceTree = "<group>";
		};
		4015B5161F5C8E69005342F2 /* Products */ = {
			isa = PBXGroup;
			children = (
				4015B5151F5C8E69005342F2 /* WorldTrotter.app */,
				4015B5291F5C8E6A005342F2 /* WorldTrotterTests.xctest */,
				4015B5341F5C8E6A005342F2 /* WorldTrotterUITests.xctest */,
			);
			name = Products;
			sourceTree = "<group>";
		};
		4015B5171F5C8E69005342F2 /* WorldTrotter */ = {
			isa = PBXGroup;
			children = (
				4011327E1F698E0100CA7E16 /* ConversionViewController.swift */,
				4015B5181F5C8E69005342F2 /* AppDelegate.swift */,
				4015B51C1F5C8E69005342F2 /* Main.storyboard */,
				EE3A7A691F6DC471006D03B5 /* MapViewController.swift */,
				4015B51F1F5C8E69005342F2 /* Assets.xcassets */,
				4015B5211F5C8E69005342F2 /* LaunchScreen.storyboard */,
				4015B5241F5C8E69005342F2 /* Info.plist */,
			);
			path = WorldTrotter;
			sourceTree = "<group>";
		};
		4015B52C1F5C8E6A005342F2 /* WorldTrotterTests */ = {
			isa = PBXGroup;
			children = (
				4015B52D1F5C8E6A005342F2 /* WorldTrotterTests.swift */,
				4015B52F1F5C8E6A005342F2 /* Info.plist */,
			);
			path = WorldTrotterTests;
			sourceTree = "<group>";
		};
		4015B5371F5C8E6A005342F2 /* WorldTrotterUITests */ = {
			isa = PBXGroup;
			children = (
				4015B5381F5C8E6A005342F2 /* WorldTrotterUITests.swift */,
				4015B53A1F5C8E6A005342F2 /* Info.plist */,
			);
			path = WorldTrotterUITests;
			sourceTree = "<group>";
		};
		56D1CA0596D8F68021D62CBD /* Pods */ = {
			isa = PBXGroup;
			children = (
				8868C66D88746F006432CB28 /* Pods-WorldTrotter.debug.xcconfig */,
				2BC9A51B7F0ED8BC412C7510 /* Pods-WorldTrotter.release.xcconfig */,
				E581F0AE1D958495B90AE30E /* Pods-WorldTrotterTests.debug.xcconfig */,
				375373A874A541C7D9D0963A /* Pods-WorldTrotterTests.release.xcconfig */,
				FD203F3E52369B774D59B743 /* Pods-WorldTrotterUITests.debug.xcconfig */,
				87FB6E41EDA0064CDB2804B9 /* Pods-WorldTrotterUITests.release.xcconfig */,
			);
			name = Pods;
			sourceTree = "<group>";
		};
		EE3A7A661F6DBFCF006D03B5 /* Frameworks */ = {
			isa = PBXGroup;
			children = (
				EE3A7A671F6DBFCF006D03B5 /* MapKit.framework */,
				C63F1E28DD98F3C5C72402AD /* Pods_WorldTrotter.framework */,
				BED69A353BF8544FE9F852AD /* Pods_WorldTrotterTests.framework */,
				57055C4C0C53D00A03827F1D /* Pods_WorldTrotterUITests.framework */,
			);
			name = Frameworks;
			sourceTree = "<group>";
		};
/* End PBXGroup section */

/* Begin PBXNativeTarget section */
		4015B5141F5C8E68005342F2 /* WorldTrotter */ = {
			isa = PBXNativeTarget;
			buildConfigurationList = 4015B53D1F5C8E6A005342F2 /* Build configuration list for PBXNativeTarget "WorldTrotter" */;
			buildPhases = (
				516ACDFBE52FA1F2982D8AB2 /* [CP] Check Pods Manifest.lock */,
				4015B5111F5C8E68005342F2 /* Sources */,
				4015B5121F5C8E68005342F2 /* Frameworks */,
				4015B5131F5C8E68005342F2 /* Resources */,
				614932DE0EE039E15D28A330 /* [CP] Embed Pods Frameworks */,
				B716408842BE817A7D73F790 /* [CP] Copy Pods Resources */,
			);
			buildRules = (
			);
			dependencies = (
			);
			name = WorldTrotter;
			productName = WorldTrotter;
			productReference = 4015B5151F5C8E69005342F2 /* WorldTrotter.app */;
			productType = "com.apple.product-type.application";
		};
		4015B5281F5C8E6A005342F2 /* WorldTrotterTests */ = {
			isa = PBXNativeTarget;
			buildConfigurationList = 4015B5401F5C8E6A005342F2 /* Build configuration list for PBXNativeTarget "WorldTrotterTests" */;
			buildPhases = (
				CAAA6DF808FBC8EC91ECAD21 /* [CP] Check Pods Manifest.lock */,
				4015B5251F5C8E6A005342F2 /* Sources */,
				4015B5261F5C8E6A005342F2 /* Frameworks */,
				4015B5271F5C8E6A005342F2 /* Resources */,
				F37C65C6A8F88051F87B18F7 /* [CP] Embed Pods Frameworks */,
				33A19EECD72AE450F21115EC /* [CP] Copy Pods Resources */,
			);
			buildRules = (
			);
			dependencies = (
				4015B52B1F5C8E6A005342F2 /* PBXTargetDependency */,
			);
			name = WorldTrotterTests;
			productName = WorldTrotterTests;
			productReference = 4015B5291F5C8E6A005342F2 /* WorldTrotterTests.xctest */;
			productType = "com.apple.product-type.bundle.unit-test";
		};
		4015B5331F5C8E6A005342F2 /* WorldTrotterUITests */ = {
			isa = PBXNativeTarget;
			buildConfigurationList = 4015B5431F5C8E6A005342F2 /* Build configuration list for PBXNativeTarget "WorldTrotterUITests" */;
			buildPhases = (
				B140A9AB9E5BD2FA05708EDD /* [CP] Check Pods Manifest.lock */,
				4015B5301F5C8E6A005342F2 /* Sources */,
				4015B5311F5C8E6A005342F2 /* Frameworks */,
				4015B5321F5C8E6A005342F2 /* Resources */,
				FD155E61A406BBA67C92AF14 /* [CP] Embed Pods Frameworks */,
				A7FA3806D2768E9FBECDAAE6 /* [CP] Copy Pods Resources */,
			);
			buildRules = (
			);
			dependencies = (
				4015B5361F5C8E6A005342F2 /* PBXTargetDependency */,
			);
			name = WorldTrotterUITests;
			productName = WorldTrotterUITests;
			productReference = 4015B5341F5C8E6A005342F2 /* WorldTrotterUITests.xctest */;
			productType = "com.apple.product-type.bundle.ui-testing";
		};
/* End PBXNativeTarget section */

/* Begin PBXProject section */
		4015B50D1F5C8E68005342F2 /* Project object */ = {
			isa = PBXProject;
			attributes = {
				LastSwiftUpdateCheck = 0830;
				LastUpgradeCheck = 0830;
				ORGANIZATIONNAME = "Jessie Dowding";
				TargetAttributes = {
					4015B5141F5C8E68005342F2 = {
						CreatedOnToolsVersion = 8.3.3;
						ProvisioningStyle = Automatic;
					};
					4015B5281F5C8E6A005342F2 = {
						CreatedOnToolsVersion = 8.3.3;
						ProvisioningStyle = Automatic;
						TestTargetID = 4015B5141F5C8E68005342F2;
					};
					4015B5331F5C8E6A005342F2 = {
						CreatedOnToolsVersion = 8.3.3;
						ProvisioningStyle = Automatic;
						TestTargetID = 4015B5141F5C8E68005342F2;
					};
				};
			};
			buildConfigurationList = 4015B5101F5C8E68005342F2 /* Build configuration list for PBXProject "WorldTrotter" */;
			compatibilityVersion = "Xcode 3.2";
			developmentRegion = English;
			hasScannedForEncodings = 0;
			knownRegions = (
				en,
				Base,
			);
			mainGroup = 4015B50C1F5C8E68005342F2;
			productRefGroup = 4015B5161F5C8E69005342F2 /* Products */;
			projectDirPath = "";
			projectRoot = "";
			targets = (
				4015B5141F5C8E68005342F2 /* WorldTrotter */,
				4015B5281F5C8E6A005342F2 /* WorldTrotterTests */,
				4015B5331F5C8E6A005342F2 /* WorldTrotterUITests */,
			);
		};
/* End PBXProject section */

/* Begin PBXResourcesBuildPhase section */
		4015B5131F5C8E68005342F2 /* Resources */ = {
			isa = PBXResourcesBuildPhase;
			buildActionMask = 2147483647;
			files = (
				4015B5231F5C8E69005342F2 /* LaunchScreen.storyboard in Resources */,
				4015B5201F5C8E69005342F2 /* Assets.xcassets in Resources */,
				4015B51E1F5C8E69005342F2 /* Main.storyboard in Resources */,
			);
			runOnlyForDeploymentPostprocessing = 0;
		};
		4015B5271F5C8E6A005342F2 /* Resources */ = {
			isa = PBXResourcesBuildPhase;
			buildActionMask = 2147483647;
			files = (
			);
			runOnlyForDeploymentPostprocessing = 0;
		};
		4015B5321F5C8E6A005342F2 /* Resources */ = {
			isa = PBXResourcesBuildPhase;
			buildActionMask = 2147483647;
			files = (
			);
			runOnlyForDeploymentPostprocessing = 0;
		};
/* End PBXResourcesBuildPhase section */

/* Begin PBXShellScriptBuildPhase section */
		33A19EECD72AE450F21115EC /* [CP] Copy Pods Resources */ = {
			isa = PBXShellScriptBuildPhase;
			buildActionMask = 2147483647;
			files = (
			);
			inputPaths = (
			);
			name = "[CP] Copy Pods Resources";
			outputPaths = (
			);
			runOnlyForDeploymentPostprocessing = 0;
			shellPath = /bin/sh;
			shellScript = "\"${SRCROOT}/Pods/Target Support Files/Pods-WorldTrotterTests/Pods-WorldTrotterTests-resources.sh\"\n";
			showEnvVarsInLog = 0;
		};
		516ACDFBE52FA1F2982D8AB2 /* [CP] Check Pods Manifest.lock */ = {
			isa = PBXShellScriptBuildPhase;
			buildActionMask = 2147483647;
			files = (
			);
			inputPaths = (
				"${PODS_PODFILE_DIR_PATH}/Podfile.lock",
				"${PODS_ROOT}/Manifest.lock",
			);
			name = "[CP] Check Pods Manifest.lock";
			outputPaths = (
				"$(DERIVED_FILE_DIR)/Pods-WorldTrotter-checkManifestLockResult.txt",
			);
			runOnlyForDeploymentPostprocessing = 0;
			shellPath = /bin/sh;
			shellScript = "diff \"${PODS_PODFILE_DIR_PATH}/Podfile.lock\" \"${PODS_ROOT}/Manifest.lock\" > /dev/null\nif [ $? != 0 ] ; then\n    # print error to STDERR\n    echo \"error: The sandbox is not in sync with the Podfile.lock. Run 'pod install' or update your CocoaPods installation.\" >&2\n    exit 1\nfi\n# This output is used by Xcode 'outputs' to avoid re-running this script phase.\necho \"SUCCESS\" > \"${SCRIPT_OUTPUT_FILE_0}\"\n";
			showEnvVarsInLog = 0;
		};
		614932DE0EE039E15D28A330 /* [CP] Embed Pods Frameworks */ = {
			isa = PBXShellScriptBuildPhase;
			buildActionMask = 2147483647;
			files = (
			);
			inputPaths = (
				"${SRCROOT}/Pods/Target Support Files/Pods-WorldTrotter/Pods-WorldTrotter-frameworks.sh",
				"${BUILT_PRODUCTS_DIR}/PCLBlurEffectAlert/PCLBlurEffectAlert.framework",
			);
			name = "[CP] Embed Pods Frameworks";
			outputPaths = (
				"${TARGET_BUILD_DIR}/${FRAMEWORKS_FOLDER_PATH}/PCLBlurEffectAlert.framework",
			);
			runOnlyForDeploymentPostprocessing = 0;
			shellPath = /bin/sh;
			shellScript = "\"${SRCROOT}/Pods/Target Support Files/Pods-WorldTrotter/Pods-WorldTrotter-frameworks.sh\"\n";
			showEnvVarsInLog = 0;
		};
		A7FA3806D2768E9FBECDAAE6 /* [CP] Copy Pods Resources */ = {
			isa = PBXShellScriptBuildPhase;
			buildActionMask = 2147483647;
			files = (
			);
			inputPaths = (
			);
			name = "[CP] Copy Pods Resources";
			outputPaths = (
			);
			runOnlyForDeploymentPostprocessing = 0;
			shellPath = /bin/sh;
			shellScript = "\"${SRCROOT}/Pods/Target Support Files/Pods-WorldTrotterUITests/Pods-WorldTrotterUITests-resources.sh\"\n";
			showEnvVarsInLog = 0;
		};
		B140A9AB9E5BD2FA05708EDD /* [CP] Check Pods Manifest.lock */ = {
			isa = PBXShellScriptBuildPhase;
			buildActionMask = 2147483647;
			files = (
			);
			inputPaths = (
				"${PODS_PODFILE_DIR_PATH}/Podfile.lock",
				"${PODS_ROOT}/Manifest.lock",
			);
			name = "[CP] Check Pods Manifest.lock";
			outputPaths = (
				"$(DERIVED_FILE_DIR)/Pods-WorldTrotterUITests-checkManifestLockResult.txt",
			);
			runOnlyForDeploymentPostprocessing = 0;
			shellPath = /bin/sh;
			shellScript = "diff \"${PODS_PODFILE_DIR_PATH}/Podfile.lock\" \"${PODS_ROOT}/Manifest.lock\" > /dev/null\nif [ $? != 0 ] ; then\n    # print error to STDERR\n    echo \"error: The sandbox is not in sync with the Podfile.lock. Run 'pod install' or update your CocoaPods installation.\" >&2\n    exit 1\nfi\n# This output is used by Xcode 'outputs' to avoid re-running this script phase.\necho \"SUCCESS\" > \"${SCRIPT_OUTPUT_FILE_0}\"\n";
			showEnvVarsInLog = 0;
		};
		B716408842BE817A7D73F790 /* [CP] Copy Pods Resources */ = {
			isa = PBXShellScriptBuildPhase;
			buildActionMask = 2147483647;
			files = (
			);
			inputPaths = (
			);
			name = "[CP] Copy Pods Resources";
			outputPaths = (
			);
			runOnlyForDeploymentPostprocessing = 0;
			shellPath = /bin/sh;
			shellScript = "\"${SRCROOT}/Pods/Target Support Files/Pods-WorldTrotter/Pods-WorldTrotter-resources.sh\"\n";
			showEnvVarsInLog = 0;
		};
		CAAA6DF808FBC8EC91ECAD21 /* [CP] Check Pods Manifest.lock */ = {
			isa = PBXShellScriptBuildPhase;
			buildActionMask = 2147483647;
			files = (
			);
			inputPaths = (
				"${PODS_PODFILE_DIR_PATH}/Podfile.lock",
				"${PODS_ROOT}/Manifest.lock",
			);
			name = "[CP] Check Pods Manifest.lock";
			outputPaths = (
				"$(DERIVED_FILE_DIR)/Pods-WorldTrotterTests-checkManifestLockResult.txt",
			);
			runOnlyForDeploymentPostprocessing = 0;
			shellPath = /bin/sh;
			shellScript = "diff \"${PODS_PODFILE_DIR_PATH}/Podfile.lock\" \"${PODS_ROOT}/Manifest.lock\" > /dev/null\nif [ $? != 0 ] ; then\n    # print error to STDERR\n    echo \"error: The sandbox is not in sync with the Podfile.lock. Run 'pod install' or update your CocoaPods installation.\" >&2\n    exit 1\nfi\n# This output is used by Xcode 'outputs' to avoid re-running this script phase.\necho \"SUCCESS\" > \"${SCRIPT_OUTPUT_FILE_0}\"\n";
			showEnvVarsInLog = 0;
		};
		F37C65C6A8F88051F87B18F7 /* [CP] Embed Pods Frameworks */ = {
			isa = PBXShellScriptBuildPhase;
			buildActionMask = 2147483647;
			files = (
			);
			inputPaths = (
			);
			name = "[CP] Embed Pods Frameworks";
			outputPaths = (
			);
			runOnlyForDeploymentPostprocessing = 0;
			shellPath = /bin/sh;
			shellScript = "\"${SRCROOT}/Pods/Target Support Files/Pods-WorldTrotterTests/Pods-WorldTrotterTests-frameworks.sh\"\n";
			showEnvVarsInLog = 0;
		};
		FD155E61A406BBA67C92AF14 /* [CP] Embed Pods Frameworks */ = {
			isa = PBXShellScriptBuildPhase;
			buildActionMask = 2147483647;
			files = (
			);
			inputPaths = (
			);
			name = "[CP] Embed Pods Frameworks";
			outputPaths = (
			);
			runOnlyForDeploymentPostprocessing = 0;
			shellPath = /bin/sh;
			shellScript = "\"${SRCROOT}/Pods/Target Support Files/Pods-WorldTrotterUITests/Pods-WorldTrotterUITests-frameworks.sh\"\n";
			showEnvVarsInLog = 0;
		};
/* End PBXShellScriptBuildPhase section */

/* Begin PBXSourcesBuildPhase section */
		4015B5111F5C8E68005342F2 /* Sources */ = {
			isa = PBXSourcesBuildPhase;
			buildActionMask = 2147483647;
			files = (
				4011327F1F698E0100CA7E16 /* ConversionViewController.swift in Sources */,
				EE3A7A6A1F6DC471006D03B5 /* MapViewController.swift in Sources */,
				4015B5191F5C8E69005342F2 /* AppDelegate.swift in Sources */,
			);
			runOnlyForDeploymentPostprocessing = 0;
		};
		4015B5251F5C8E6A005342F2 /* Sources */ = {
			isa = PBXSourcesBuildPhase;
			buildActionMask = 2147483647;
			files = (
				4015B52E1F5C8E6A005342F2 /* WorldTrotterTests.swift in Sources */,
			);
			runOnlyForDeploymentPostprocessing = 0;
		};
		4015B5301F5C8E6A005342F2 /* Sources */ = {
			isa = PBXSourcesBuildPhase;
			buildActionMask = 2147483647;
			files = (
				4015B5391F5C8E6A005342F2 /* WorldTrotterUITests.swift in Sources */,
			);
			runOnlyForDeploymentPostprocessing = 0;
		};
/* End PBXSourcesBuildPhase section */

/* Begin PBXTargetDependency section */
		4015B52B1F5C8E6A005342F2 /* PBXTargetDependency */ = {
			isa = PBXTargetDependency;
			target = 4015B5141F5C8E68005342F2 /* WorldTrotter */;
			targetProxy = 4015B52A1F5C8E6A005342F2 /* PBXContainerItemProxy */;
		};
		4015B5361F5C8E6A005342F2 /* PBXTargetDependency */ = {
			isa = PBXTargetDependency;
			target = 4015B5141F5C8E68005342F2 /* WorldTrotter */;
			targetProxy = 4015B5351F5C8E6A005342F2 /* PBXContainerItemProxy */;
		};
/* End PBXTargetDependency section */

/* Begin PBXVariantGroup section */
		4015B51C1F5C8E69005342F2 /* Main.storyboard */ = {
			isa = PBXVariantGroup;
			children = (
				4015B51D1F5C8E69005342F2 /* Base */,
			);
			name = Main.storyboard;
			sourceTree = "<group>";
		};
		4015B5211F5C8E69005342F2 /* LaunchScreen.storyboard */ = {
			isa = PBXVariantGroup;
			children = (
				4015B5221F5C8E69005342F2 /* Base */,
			);
			name = LaunchScreen.storyboard;
			sourceTree = "<group>";
		};
/* End PBXVariantGroup section */

/* Begin XCBuildConfiguration section */
		4015B53B1F5C8E6A005342F2 /* Debug */ = {
			isa = XCBuildConfiguration;
			buildSettings = {
				ALWAYS_SEARCH_USER_PATHS = NO;
				CLANG_ANALYZER_NONNULL = YES;
				CLANG_ANALYZER_NUMBER_OBJECT_CONVERSION = YES_AGGRESSIVE;
				CLANG_CXX_LANGUAGE_STANDARD = "gnu++0x";
				CLANG_CXX_LIBRARY = "libc++";
				CLANG_ENABLE_MODULES = YES;
				CLANG_ENABLE_OBJC_ARC = YES;
				CLANG_WARN_BOOL_CONVERSION = YES;
				CLANG_WARN_CONSTANT_CONVERSION = YES;
				CLANG_WARN_DIRECT_OBJC_ISA_USAGE = YES_ERROR;
				CLANG_WARN_DOCUMENTATION_COMMENTS = YES;
				CLANG_WARN_EMPTY_BODY = YES;
				CLANG_WARN_ENUM_CONVERSION = YES;
				CLANG_WARN_INFINITE_RECURSION = YES;
				CLANG_WARN_INT_CONVERSION = YES;
				CLANG_WARN_OBJC_ROOT_CLASS = YES_ERROR;
				CLANG_WARN_SUSPICIOUS_MOVE = YES;
				CLANG_WARN_UNREACHABLE_CODE = YES;
				CLANG_WARN__DUPLICATE_METHOD_MATCH = YES;
				"CODE_SIGN_IDENTITY[sdk=iphoneos*]" = "iPhone Developer";
				COPY_PHASE_STRIP = NO;
				DEBUG_INFORMATION_FORMAT = dwarf;
				ENABLE_STRICT_OBJC_MSGSEND = YES;
				ENABLE_TESTABILITY = YES;
				GCC_C_LANGUAGE_STANDARD = gnu99;
				GCC_DYNAMIC_NO_PIC = NO;
				GCC_NO_COMMON_BLOCKS = YES;
				GCC_OPTIMIZATION_LEVEL = 0;
				GCC_PREPROCESSOR_DEFINITIONS = (
					"DEBUG=1",
					"$(inherited)",
				);
				GCC_WARN_64_TO_32_BIT_CONVERSION = YES;
				GCC_WARN_ABOUT_RETURN_TYPE = YES_ERROR;
				GCC_WARN_UNDECLARED_SELECTOR = YES;
				GCC_WARN_UNINITIALIZED_AUTOS = YES_AGGRESSIVE;
				GCC_WARN_UNUSED_FUNCTION = YES;
				GCC_WARN_UNUSED_VARIABLE = YES;
				IPHONEOS_DEPLOYMENT_TARGET = 10.3;
				MTL_ENABLE_DEBUG_INFO = YES;
				ONLY_ACTIVE_ARCH = YES;
				SDKROOT = iphoneos;
				SWIFT_ACTIVE_COMPILATION_CONDITIONS = DEBUG;
				SWIFT_OPTIMIZATION_LEVEL = "-Onone";
				TARGETED_DEVICE_FAMILY = "1,2";
			};
			name = Debug;
		};
		4015B53C1F5C8E6A005342F2 /* Release */ = {
			isa = XCBuildConfiguration;
			buildSettings = {
				ALWAYS_SEARCH_USER_PATHS = NO;
				CLANG_ANALYZER_NONNULL = YES;
				CLANG_ANALYZER_NUMBER_OBJECT_CONVERSION = YES_AGGRESSIVE;
				CLANG_CXX_LANGUAGE_STANDARD = "gnu++0x";
				CLANG_CXX_LIBRARY = "libc++";
				CLANG_ENABLE_MODULES = YES;
				CLANG_ENABLE_OBJC_ARC = YES;
				CLANG_WARN_BOOL_CONVERSION = YES;
				CLANG_WARN_CONSTANT_CONVERSION = YES;
				CLANG_WARN_DIRECT_OBJC_ISA_USAGE = YES_ERROR;
				CLANG_WARN_DOCUMENTATION_COMMENTS = YES;
				CLANG_WARN_EMPTY_BODY = YES;
				CLANG_WARN_ENUM_CONVERSION = YES;
				CLANG_WARN_INFINITE_RECURSION = YES;
				CLANG_WARN_INT_CONVERSION = YES;
				CLANG_WARN_OBJC_ROOT_CLASS = YES_ERROR;
				CLANG_WARN_SUSPICIOUS_MOVE = YES;
				CLANG_WARN_UNREACHABLE_CODE = YES;
				CLANG_WARN__DUPLICATE_METHOD_MATCH = YES;
				"CODE_SIGN_IDENTITY[sdk=iphoneos*]" = "iPhone Developer";
				COPY_PHASE_STRIP = NO;
				DEBUG_INFORMATION_FORMAT = "dwarf-with-dsym";
				ENABLE_NS_ASSERTIONS = NO;
				ENABLE_STRICT_OBJC_MSGSEND = YES;
				GCC_C_LANGUAGE_STANDARD = gnu99;
				GCC_NO_COMMON_BLOCKS = YES;
				GCC_WARN_64_TO_32_BIT_CONVERSION = YES;
				GCC_WARN_ABOUT_RETURN_TYPE = YES_ERROR;
				GCC_WARN_UNDECLARED_SELECTOR = YES;
				GCC_WARN_UNINITIALIZED_AUTOS = YES_AGGRESSIVE;
				GCC_WARN_UNUSED_FUNCTION = YES;
				GCC_WARN_UNUSED_VARIABLE = YES;
				IPHONEOS_DEPLOYMENT_TARGET = 10.3;
				MTL_ENABLE_DEBUG_INFO = NO;
				SDKROOT = iphoneos;
				SWIFT_OPTIMIZATION_LEVEL = "-Owholemodule";
				TARGETED_DEVICE_FAMILY = "1,2";
				VALIDATE_PRODUCT = YES;
			};
			name = Release;
		};
		4015B53E1F5C8E6A005342F2 /* Debug */ = {
			isa = XCBuildConfiguration;
			baseConfigurationReference = 8868C66D88746F006432CB28 /* Pods-WorldTrotter.debug.xcconfig */;
			buildSettings = {
				ASSETCATALOG_COMPILER_APPICON_NAME = AppIcon;
				INFOPLIST_FILE = WorldTrotter/Info.plist;
				LD_RUNPATH_SEARCH_PATHS = "$(inherited) @executable_path/Frameworks";
				PRODUCT_BUNDLE_IDENTIFIER = "cst495-dowding.WorldTrotter";
				PRODUCT_NAME = "$(TARGET_NAME)";
				SWIFT_VERSION = 3.0;
			};
			name = Debug;
		};
		4015B53F1F5C8E6A005342F2 /* Release */ = {
			isa = XCBuildConfiguration;
			baseConfigurationReference = 2BC9A51B7F0ED8BC412C7510 /* Pods-WorldTrotter.release.xcconfig */;
			buildSettings = {
				ASSETCATALOG_COMPILER_APPICON_NAME = AppIcon;
				INFOPLIST_FILE = WorldTrotter/Info.plist;
				LD_RUNPATH_SEARCH_PATHS = "$(inherited) @executable_path/Frameworks";
				PRODUCT_BUNDLE_IDENTIFIER = "cst495-dowding.WorldTrotter";
				PRODUCT_NAME = "$(TARGET_NAME)";
				SWIFT_VERSION = 3.0;
			};
			name = Release;
		};
		4015B5411F5C8E6A005342F2 /* Debug */ = {
			isa = XCBuildConfiguration;
			baseConfigurationReference = E581F0AE1D958495B90AE30E /* Pods-WorldTrotterTests.debug.xcconfig */;
			buildSettings = {
				ALWAYS_EMBED_SWIFT_STANDARD_LIBRARIES = YES;
				BUNDLE_LOADER = "$(TEST_HOST)";
				INFOPLIST_FILE = WorldTrotterTests/Info.plist;
				LD_RUNPATH_SEARCH_PATHS = "$(inherited) @executable_path/Frameworks @loader_path/Frameworks";
				PRODUCT_BUNDLE_IDENTIFIER = "cst495-dowding.WorldTrotterTests";
				PRODUCT_NAME = "$(TARGET_NAME)";
				SWIFT_VERSION = 3.0;
				TEST_HOST = "$(BUILT_PRODUCTS_DIR)/WorldTrotter.app/WorldTrotter";
			};
			name = Debug;
		};
		4015B5421F5C8E6A005342F2 /* Release */ = {
			isa = XCBuildConfiguration;
			baseConfigurationReference = 375373A874A541C7D9D0963A /* Pods-WorldTrotterTests.release.xcconfig */;
			buildSettings = {
				ALWAYS_EMBED_SWIFT_STANDARD_LIBRARIES = YES;
				BUNDLE_LOADER = "$(TEST_HOST)";
				INFOPLIST_FILE = WorldTrotterTests/Info.plist;
				LD_RUNPATH_SEARCH_PATHS = "$(inherited) @executable_path/Frameworks @loader_path/Frameworks";
				PRODUCT_BUNDLE_IDENTIFIER = "cst495-dowding.WorldTrotterTests";
				PRODUCT_NAME = "$(TARGET_NAME)";
				SWIFT_VERSION = 3.0;
				TEST_HOST = "$(BUILT_PRODUCTS_DIR)/WorldTrotter.app/WorldTrotter";
			};
			name = Release;
		};
		4015B5441F5C8E6A005342F2 /* Debug */ = {
			isa = XCBuildConfiguration;
			baseConfigurationReference = FD203F3E52369B774D59B743 /* Pods-WorldTrotterUITests.debug.xcconfig */;
			buildSettings = {
				ALWAYS_EMBED_SWIFT_STANDARD_LIBRARIES = YES;
				INFOPLIST_FILE = WorldTrotterUITests/Info.plist;
				LD_RUNPATH_SEARCH_PATHS = "$(inherited) @executable_path/Frameworks @loader_path/Frameworks";
				PRODUCT_BUNDLE_IDENTIFIER = "cst495-dowding.WorldTrotterUITests";
				PRODUCT_NAME = "$(TARGET_NAME)";
				SWIFT_VERSION = 3.0;
				TEST_TARGET_NAME = WorldTrotter;
			};
			name = Debug;
		};
		4015B5451F5C8E6A005342F2 /* Release */ = {
			isa = XCBuildConfiguration;
			baseConfigurationReference = 87FB6E41EDA0064CDB2804B9 /* Pods-WorldTrotterUITests.release.xcconfig */;
			buildSettings = {
				ALWAYS_EMBED_SWIFT_STANDARD_LIBRARIES = YES;
				INFOPLIST_FILE = WorldTrotterUITests/Info.plist;
				LD_RUNPATH_SEARCH_PATHS = "$(inherited) @executable_path/Frameworks @loader_path/Frameworks";
				PRODUCT_BUNDLE_IDENTIFIER = "cst495-dowding.WorldTrotterUITests";
				PRODUCT_NAME = "$(TARGET_NAME)";
				SWIFT_VERSION = 3.0;
				TEST_TARGET_NAME = WorldTrotter;
			};
			name = Release;
		};
/* End XCBuildConfiguration section */

/* Begin XCConfigurationList section */
		4015B5101F5C8E68005342F2 /* Build configuration list for PBXProject "WorldTrotter" */ = {
			isa = XCConfigurationList;
			buildConfigurations = (
				4015B53B1F5C8E6A005342F2 /* Debug */,
				4015B53C1F5C8E6A005342F2 /* Release */,
			);
			defaultConfigurationIsVisible = 0;
			defaultConfigurationName = Release;
		};
		4015B53D1F5C8E6A005342F2 /* Build configuration list for PBXNativeTarget "WorldTrotter" */ = {
			isa = XCConfigurationList;
			buildConfigurations = (
				4015B53E1F5C8E6A005342F2 /* Debug */,
				4015B53F1F5C8E6A005342F2 /* Release */,
			);
			defaultConfigurationIsVisible = 0;
			defaultConfigurationName = Release;
		};
		4015B5401F5C8E6A005342F2 /* Build configuration list for PBXNativeTarget "WorldTrotterTests" */ = {
			isa = XCConfigurationList;
			buildConfigurations = (
				4015B5411F5C8E6A005342F2 /* Debug */,
				4015B5421F5C8E6A005342F2 /* Release */,
			);
			defaultConfigurationIsVisible = 0;
			defaultConfigurationName = Release;
		};
		4015B5431F5C8E6A005342F2 /* Build configuration list for PBXNativeTarget "WorldTrotterUITests" */ = {
			isa = XCConfigurationList;
			buildConfigurations = (
				4015B5441F5C8E6A005342F2 /* Debug */,
				4015B5451F5C8E6A005342F2 /* Release */,
			);
			defaultConfigurationIsVisible = 0;
			defaultConfigurationName = Release;
		};
/* End XCConfigurationList section */
	};
	rootObject = 4015B50D1F5C8E68005342F2 /* Project object */;
}
